
Microsoft Visual Studio Solution File, Format Version 12.00
# Visual Studio Version 17
VisualStudioVersion = 17.5.33516.290
MinimumVisualStudioVersion = 10.0.40219.1
Project("{9A19103F-16F7-4668-BE54-9A1E7A4F7556}") = "Home1", "GitTest1\Home1.csproj", "{90C12F6A-B101-4148-BBAC-B910BDC607FE}"
EndProject
Project("{9A19103F-16F7-4668-BE54-9A1E7A4F7556}") = "Home2", "Home2\Home2.csproj", "{A6C3FF42-A39A-4C39-8DE8-259A4081735A}"
EndProject
Project("{9A19103F-16F7-4668-BE54-9A1E7A4F7556}") = "Home3", "Home3\Home3.csproj", "{1CD281FB-929D-418B-AA0D-280C3358E5DA}"
EndProject
Project("{9A19103F-16F7-4668-BE54-9A1E7A4F7556}") = "Home4", "Home4\Home4.csproj", "{99F9748C-7931-4FAE-B51B-0196AA215D32}"
EndProject
Project("{9A19103F-16F7-4668-BE54-9A1E7A4F7556}") = "Home5", "Home5\Home5.csproj", "{72C7567A-D238-4828-A3B2-E170C33DF4F1}"
EndProject
Project("{9A19103F-16F7-4668-BE54-9A1E7A4F7556}") = "Home6", "Home6\Home6.csproj", "{780BC001-789A-4AA2-A009-1023DAD0FA4F}"
EndProject
Project("{9A19103F-16F7-4668-BE54-9A1E7A4F7556}") = "Home7", "Home7\Home7.csproj", "{8915BA51-2A01-4A44-982A-4C5CDA5EEF12}"
EndProject
Project("{9A19103F-16F7-4668-BE54-9A1E7A4F7556}") = "Home8", "Home8\Home8.csproj", "{482B25BE-0400-4565-AE68-77BD26B5F492}"
EndProject
Project("{9A19103F-16F7-4668-BE54-9A1E7A4F7556}") = "Home9", "Home_9\Home9.csproj", "{C7D0A71A-F392-4952-81FF-9BDD53E64797}"
EndProject
Project("{9A19103F-16F7-4668-BE54-9A1E7A4F7556}") = "Lesson10", "Lesson10\Lesson10.csproj", "{8AAF3C9E-CA62-4CDA-B73F-8FBDBB5D6470}"
EndProject
Project("{9A19103F-16F7-4668-BE54-9A1E7A4F7556}") = "Lesson11_SeleniumTest", "Lesson11_SeleniumTest\Lesson11_SeleniumTest.csproj", "{2C3BF07C-9090-4735-A4CE-1E2868116C5A}"
EndProject
Project("{9A19103F-16F7-4668-BE54-9A1E7A4F7556}") = "Lesson12_Selenium", "Lesson12_Selenium\Lesson12_Selenium.csproj", "{443AB7EF-4C3A-48BA-9004-E3CCED7F315F}"
EndProject
Project("{9A19103F-16F7-4668-BE54-9A1E7A4F7556}") = "Lesson13_PageObjectPattern", "Lesson13_PageObjectPattern\Lesson13_PageObjectPattern.csproj", "{AC9B4AF1-6107-4553-BDAD-092959D32B8E}"
EndProject
Project("{9A19103F-16F7-4668-BE54-9A1E7A4F7556}") = "Lesson19 Selenium WebDriver. Advanced", "Lesson19 Selenium WebDriver. Advanced\Lesson19 Selenium WebDriver. Advanced.csproj", "{95A4B922-DA64-4328-9385-9E0F22F18B24}"
EndProject
Project("{2150E333-8FDC-42A3-9474-1A3956D46DE8}") = "OldProjects", "OldProjects", "{1BC67D5A-7A88-4DAC-BFC3-1F19BF467669}"
EndProject
Project("{FAE04EC0-301F-11D3-BF4B-00C04F79EFBC}") = "Core", "Core\Core.csproj", "{D504A7E9-5400-4E29-8591-4901D8FB86C8}"
EndProject
Project("{FAE04EC0-301F-11D3-BF4B-00C04F79EFBC}") = "BussinessObject_SalesForce", "BussinessObject\BussinessObject_SalesForce.csproj", "{FCCAB719-6932-413B-B340-00F47B668C4F}"
EndProject
Project("{FAE04EC0-301F-11D3-BF4B-00C04F79EFBC}") = "SaleForceTests", "SeleniumTests\SaleForceTests.csproj", "{EF91683B-416B-4B76-BC0A-2EF050E5F4D3}"
EndProject
Global
	GlobalSection(SolutionConfigurationPlatforms) = preSolution
		Debug|Any CPU = Debug|Any CPU
		Release|Any CPU = Release|Any CPU
	EndGlobalSection
	GlobalSection(ProjectConfigurationPlatforms) = postSolution
		{90C12F6A-B101-4148-BBAC-B910BDC607FE}.Debug|Any CPU.ActiveCfg = Debug|Any CPU
		{90C12F6A-B101-4148-BBAC-B910BDC607FE}.Debug|Any CPU.Build.0 = Debug|Any CPU
		{90C12F6A-B101-4148-BBAC-B910BDC607FE}.Release|Any CPU.ActiveCfg = Release|Any CPU
		{90C12F6A-B101-4148-BBAC-B910BDC607FE}.Release|Any CPU.Build.0 = Release|Any CPU
		{A6C3FF42-A39A-4C39-8DE8-259A4081735A}.Debug|Any CPU.ActiveCfg = Debug|Any CPU
		{A6C3FF42-A39A-4C39-8DE8-259A4081735A}.Debug|Any CPU.Build.0 = Debug|Any CPU
		{A6C3FF42-A39A-4C39-8DE8-259A4081735A}.Release|Any CPU.ActiveCfg = Release|Any CPU
		{A6C3FF42-A39A-4C39-8DE8-259A4081735A}.Release|Any CPU.Build.0 = Release|Any CPU
		{1CD281FB-929D-418B-AA0D-280C3358E5DA}.Debug|Any CPU.ActiveCfg = Debug|Any CPU
		{1CD281FB-929D-418B-AA0D-280C3358E5DA}.Debug|Any CPU.Build.0 = Debug|Any CPU
		{1CD281FB-929D-418B-AA0D-280C3358E5DA}.Release|Any CPU.ActiveCfg = Release|Any CPU
		{1CD281FB-929D-418B-AA0D-280C3358E5DA}.Release|Any CPU.Build.0 = Release|Any CPU
		{99F9748C-7931-4FAE-B51B-0196AA215D32}.Debug|Any CPU.ActiveCfg = Debug|Any CPU
		{99F9748C-7931-4FAE-B51B-0196AA215D32}.Debug|Any CPU.Build.0 = Debug|Any CPU
		{99F9748C-7931-4FAE-B51B-0196AA215D32}.Release|Any CPU.ActiveCfg = Release|Any CPU
		{99F9748C-7931-4FAE-B51B-0196AA215D32}.Release|Any CPU.Build.0 = Release|Any CPU
		{72C7567A-D238-4828-A3B2-E170C33DF4F1}.Debug|Any CPU.ActiveCfg = Debug|Any CPU
		{72C7567A-D238-4828-A3B2-E170C33DF4F1}.Debug|Any CPU.Build.0 = Debug|Any CPU
		{72C7567A-D238-4828-A3B2-E170C33DF4F1}.Release|Any CPU.ActiveCfg = Release|Any CPU
		{72C7567A-D238-4828-A3B2-E170C33DF4F1}.Release|Any CPU.Build.0 = Release|Any CPU
		{780BC001-789A-4AA2-A009-1023DAD0FA4F}.Debug|Any CPU.ActiveCfg = Debug|Any CPU
		{780BC001-789A-4AA2-A009-1023DAD0FA4F}.Debug|Any CPU.Build.0 = Debug|Any CPU
		{780BC001-789A-4AA2-A009-1023DAD0FA4F}.Release|Any CPU.ActiveCfg = Release|Any CPU
		{780BC001-789A-4AA2-A009-1023DAD0FA4F}.Release|Any CPU.Build.0 = Release|Any CPU
		{8915BA51-2A01-4A44-982A-4C5CDA5EEF12}.Debug|Any CPU.ActiveCfg = Debug|Any CPU
		{8915BA51-2A01-4A44-982A-4C5CDA5EEF12}.Debug|Any CPU.Build.0 = Debug|Any CPU
		{8915BA51-2A01-4A44-982A-4C5CDA5EEF12}.Release|Any CPU.ActiveCfg = Release|Any CPU
		{8915BA51-2A01-4A44-982A-4C5CDA5EEF12}.Release|Any CPU.Build.0 = Release|Any CPU
		{482B25BE-0400-4565-AE68-77BD26B5F492}.Debug|Any CPU.ActiveCfg = Debug|Any CPU
		{482B25BE-0400-4565-AE68-77BD26B5F492}.Debug|Any CPU.Build.0 = Debug|Any CPU
		{482B25BE-0400-4565-AE68-77BD26B5F492}.Release|Any CPU.ActiveCfg = Release|Any CPU
		{482B25BE-0400-4565-AE68-77BD26B5F492}.Release|Any CPU.Build.0 = Release|Any CPU
		{C7D0A71A-F392-4952-81FF-9BDD53E64797}.Debug|Any CPU.ActiveCfg = Debug|Any CPU
		{C7D0A71A-F392-4952-81FF-9BDD53E64797}.Debug|Any CPU.Build.0 = Debug|Any CPU
		{C7D0A71A-F392-4952-81FF-9BDD53E64797}.Release|Any CPU.ActiveCfg = Release|Any CPU
		{C7D0A71A-F392-4952-81FF-9BDD53E64797}.Release|Any CPU.Build.0 = Release|Any CPU
		{8AAF3C9E-CA62-4CDA-B73F-8FBDBB5D6470}.Debug|Any CPU.ActiveCfg = Debug|Any CPU
		{8AAF3C9E-CA62-4CDA-B73F-8FBDBB5D6470}.Debug|Any CPU.Build.0 = Debug|Any CPU
		{8AAF3C9E-CA62-4CDA-B73F-8FBDBB5D6470}.Release|Any CPU.ActiveCfg = Release|Any CPU
		{8AAF3C9E-CA62-4CDA-B73F-8FBDBB5D6470}.Release|Any CPU.Build.0 = Release|Any CPU
		{2C3BF07C-9090-4735-A4CE-1E2868116C5A}.Debug|Any CPU.ActiveCfg = Debug|Any CPU
		{2C3BF07C-9090-4735-A4CE-1E2868116C5A}.Debug|Any CPU.Build.0 = Debug|Any CPU
		{2C3BF07C-9090-4735-A4CE-1E2868116C5A}.Release|Any CPU.ActiveCfg = Release|Any CPU
		{2C3BF07C-9090-4735-A4CE-1E2868116C5A}.Release|Any CPU.Build.0 = Release|Any CPU
		{443AB7EF-4C3A-48BA-9004-E3CCED7F315F}.Debug|Any CPU.ActiveCfg = Debug|Any CPU
		{443AB7EF-4C3A-48BA-9004-E3CCED7F315F}.Debug|Any CPU.Build.0 = Debug|Any CPU
		{443AB7EF-4C3A-48BA-9004-E3CCED7F315F}.Release|Any CPU.ActiveCfg = Release|Any CPU
		{443AB7EF-4C3A-48BA-9004-E3CCED7F315F}.Release|Any CPU.Build.0 = Release|Any CPU
		{AC9B4AF1-6107-4553-BDAD-092959D32B8E}.Debug|Any CPU.ActiveCfg = Debug|Any CPU
		{AC9B4AF1-6107-4553-BDAD-092959D32B8E}.Debug|Any CPU.Build.0 = Debug|Any CPU
		{AC9B4AF1-6107-4553-BDAD-092959D32B8E}.Release|Any CPU.ActiveCfg = Release|Any CPU
		{AC9B4AF1-6107-4553-BDAD-092959D32B8E}.Release|Any CPU.Build.0 = Release|Any CPU
		{95A4B922-DA64-4328-9385-9E0F22F18B24}.Debug|Any CPU.ActiveCfg = Debug|Any CPU
		{95A4B922-DA64-4328-9385-9E0F22F18B24}.Debug|Any CPU.Build.0 = Debug|Any CPU
		{95A4B922-DA64-4328-9385-9E0F22F18B24}.Release|Any CPU.ActiveCfg = Release|Any CPU
		{95A4B922-DA64-4328-9385-9E0F22F18B24}.Release|Any CPU.Build.0 = Release|Any CPU
		{D504A7E9-5400-4E29-8591-4901D8FB86C8}.Debug|Any CPU.ActiveCfg = Debug|Any CPU
		{D504A7E9-5400-4E29-8591-4901D8FB86C8}.Debug|Any CPU.Build.0 = Debug|Any CPU
		{D504A7E9-5400-4E29-8591-4901D8FB86C8}.Release|Any CPU.ActiveCfg = Release|Any CPU
		{D504A7E9-5400-4E29-8591-4901D8FB86C8}.Release|Any CPU.Build.0 = Release|Any CPU
		{FCCAB719-6932-413B-B340-00F47B668C4F}.Debug|Any CPU.ActiveCfg = Debug|Any CPU
		{FCCAB719-6932-413B-B340-00F47B668C4F}.Debug|Any CPU.Build.0 = Debug|Any CPU
		{FCCAB719-6932-413B-B340-00F47B668C4F}.Release|Any CPU.ActiveCfg = Release|Any CPU
		{FCCAB719-6932-413B-B340-00F47B668C4F}.Release|Any CPU.Build.0 = Release|Any CPU
		{EF91683B-416B-4B76-BC0A-2EF050E5F4D3}.Debug|Any CPU.ActiveCfg = Debug|Any CPU
		{EF91683B-416B-4B76-BC0A-2EF050E5F4D3}.Debug|Any CPU.Build.0 = Debug|Any CPU
		{EF91683B-416B-4B76-BC0A-2EF050E5F4D3}.Release|Any CPU.ActiveCfg = Release|Any CPU
		{EF91683B-416B-4B76-BC0A-2EF050E5F4D3}.Release|Any CPU.Build.0 = Release|Any CPU
	EndGlobalSection
	GlobalSection(SolutionProperties) = preSolution
		HideSolutionNode = FALSE
	EndGlobalSection
	GlobalSection(NestedProjects) = preSolution
		{90C12F6A-B101-4148-BBAC-B910BDC607FE} = {1BC67D5A-7A88-4DAC-BFC3-1F19BF467669}
		{A6C3FF42-A39A-4C39-8DE8-259A4081735A} = {1BC67D5A-7A88-4DAC-BFC3-1F19BF467669}
		{1CD281FB-929D-418B-AA0D-280C3358E5DA} = {1BC67D5A-7A88-4DAC-BFC3-1F19BF467669}
		{99F9748C-7931-4FAE-B51B-0196AA215D32} = {1BC67D5A-7A88-4DAC-BFC3-1F19BF467669}
		{72C7567A-D238-4828-A3B2-E170C33DF4F1} = {1BC67D5A-7A88-4DAC-BFC3-1F19BF467669}
		{780BC001-789A-4AA2-A009-1023DAD0FA4F} = {1BC67D5A-7A88-4DAC-BFC3-1F19BF467669}
		{8915BA51-2A01-4A44-982A-4C5CDA5EEF12} = {1BC67D5A-7A88-4DAC-BFC3-1F19BF467669}
		{482B25BE-0400-4565-AE68-77BD26B5F492} = {1BC67D5A-7A88-4DAC-BFC3-1F19BF467669}
		{C7D0A71A-F392-4952-81FF-9BDD53E64797} = {1BC67D5A-7A88-4DAC-BFC3-1F19BF467669}
		{8AAF3C9E-CA62-4CDA-B73F-8FBDBB5D6470} = {1BC67D5A-7A88-4DAC-BFC3-1F19BF467669}
		{2C3BF07C-9090-4735-A4CE-1E2868116C5A} = {1BC67D5A-7A88-4DAC-BFC3-1F19BF467669}
		{443AB7EF-4C3A-48BA-9004-E3CCED7F315F} = {1BC67D5A-7A88-4DAC-BFC3-1F19BF467669}
		{AC9B4AF1-6107-4553-BDAD-092959D32B8E} = {1BC67D5A-7A88-4DAC-BFC3-1F19BF467669}
		{95A4B922-DA64-4328-9385-9E0F22F18B24} = {1BC67D5A-7A88-4DAC-BFC3-1F19BF467669}
	EndGlobalSection
	GlobalSection(ExtensibilityGlobals) = postSolution
		SolutionGuid = {B8A6117E-44F7-4621-82D3-72C4B962193A}
	EndGlobalSection
EndGlobal
