
Microsoft Visual Studio Solution File, Format Version 12.00
# Visual Studio Version 17
VisualStudioVersion = 17.5.33516.290
MinimumVisualStudioVersion = 10.0.40219.1
Project("{9A19103F-16F7-4668-BE54-9A1E7A4F7556}") = "Home1", "GitTest1\Home1.csproj", "{90C12F6A-B101-4148-BBAC-B910BDC607FE}"
EndProject
Project("{9A19103F-16F7-4668-BE54-9A1E7A4F7556}") = "Home2", "Home2\Home2.csproj", "{A6C3FF42-A39A-4C39-8DE8-259A4081735A}"
EndProject
Project("{9A19103F-16F7-4668-BE54-9A1E7A4F7556}") = "Home3", "Home3\Home3.csproj", "{1CD281FB-929D-418B-AA0D-280C3358E5DA}"
EndProject
Project("{9A19103F-16F7-4668-BE54-9A1E7A4F7556}") = "Home4", "Home4\Home4.csproj", "{99F9748C-7931-4FAE-B51B-0196AA215D32}"
EndProject
Project("{9A19103F-16F7-4668-BE54-9A1E7A4F7556}") = "Home5", "Home5\Home5.csproj", "{72C7567A-D238-4828-A3B2-E170C33DF4F1}"
EndProject
Project("{9A19103F-16F7-4668-BE54-9A1E7A4F7556}") = "Home6", "Home6\Home6.csproj", "{780BC001-789A-4AA2-A009-1023DAD0FA4F}"
EndProject
Project("{9A19103F-16F7-4668-BE54-9A1E7A4F7556}") = "Home7", "Home7\Home7.csproj", "{8915BA51-2A01-4A44-982A-4C5CDA5EEF12}"
EndProject
Project("{9A19103F-16F7-4668-BE54-9A1E7A4F7556}") = "Home8", "Home8\Home8.csproj", "{482B25BE-0400-4565-AE68-77BD26B5F492}"
EndProject
Project("{FAE04EC0-301F-11D3-BF4B-00C04F79EFBC}") = "Home9", "Home_9\Home9.csproj", "{C7D0A71A-F392-4952-81FF-9BDD53E64797}"
EndProject
Global
	GlobalSection(SolutionConfigurationPlatforms) = preSolution
		Debug|Any CPU = Debug|Any CPU
		Release|Any CPU = Release|Any CPU
	EndGlobalSection
	GlobalSection(ProjectConfigurationPlatforms) = postSolution
		{90C12F6A-B101-4148-BBAC-B910BDC607FE}.Debug|Any CPU.ActiveCfg = Debug|Any CPU
		{90C12F6A-B101-4148-BBAC-B910BDC607FE}.Debug|Any CPU.Build.0 = Debug|Any CPU
		{90C12F6A-B101-4148-BBAC-B910BDC607FE}.Release|Any CPU.ActiveCfg = Release|Any CPU
		{90C12F6A-B101-4148-BBAC-B910BDC607FE}.Release|Any CPU.Build.0 = Release|Any CPU
		{A6C3FF42-A39A-4C39-8DE8-259A4081735A}.Debug|Any CPU.ActiveCfg = Debug|Any CPU
		{A6C3FF42-A39A-4C39-8DE8-259A4081735A}.Debug|Any CPU.Build.0 = Debug|Any CPU
		{A6C3FF42-A39A-4C39-8DE8-259A4081735A}.Release|Any CPU.ActiveCfg = Release|Any CPU
		{A6C3FF42-A39A-4C39-8DE8-259A4081735A}.Release|Any CPU.Build.0 = Release|Any CPU
		{1CD281FB-929D-418B-AA0D-280C3358E5DA}.Debug|Any CPU.ActiveCfg = Debug|Any CPU
		{1CD281FB-929D-418B-AA0D-280C3358E5DA}.Debug|Any CPU.Build.0 = Debug|Any CPU
		{1CD281FB-929D-418B-AA0D-280C3358E5DA}.Release|Any CPU.ActiveCfg = Release|Any CPU
		{1CD281FB-929D-418B-AA0D-280C3358E5DA}.Release|Any CPU.Build.0 = Release|Any CPU
		{99F9748C-7931-4FAE-B51B-0196AA215D32}.Debug|Any CPU.ActiveCfg = Debug|Any CPU
		{99F9748C-7931-4FAE-B51B-0196AA215D32}.Debug|Any CPU.Build.0 = Debug|Any CPU
		{99F9748C-7931-4FAE-B51B-0196AA215D32}.Release|Any CPU.ActiveCfg = Release|Any CPU
		{99F9748C-7931-4FAE-B51B-0196AA215D32}.Release|Any CPU.Build.0 = Release|Any CPU
		{72C7567A-D238-4828-A3B2-E170C33DF4F1}.Debug|Any CPU.ActiveCfg = Debug|Any CPU
		{72C7567A-D238-4828-A3B2-E170C33DF4F1}.Debug|Any CPU.Build.0 = Debug|Any CPU
		{72C7567A-D238-4828-A3B2-E170C33DF4F1}.Release|Any CPU.ActiveCfg = Release|Any CPU
		{72C7567A-D238-4828-A3B2-E170C33DF4F1}.Release|Any CPU.Build.0 = Release|Any CPU
		{780BC001-789A-4AA2-A009-1023DAD0FA4F}.Debug|Any CPU.ActiveCfg = Debug|Any CPU
		{780BC001-789A-4AA2-A009-1023DAD0FA4F}.Debug|Any CPU.Build.0 = Debug|Any CPU
		{780BC001-789A-4AA2-A009-1023DAD0FA4F}.Release|Any CPU.ActiveCfg = Release|Any CPU
		{780BC001-789A-4AA2-A009-1023DAD0FA4F}.Release|Any CPU.Build.0 = Release|Any CPU
		{8915BA51-2A01-4A44-982A-4C5CDA5EEF12}.Debug|Any CPU.ActiveCfg = Debug|Any CPU
		{8915BA51-2A01-4A44-982A-4C5CDA5EEF12}.Debug|Any CPU.Build.0 = Debug|Any CPU
		{8915BA51-2A01-4A44-982A-4C5CDA5EEF12}.Release|Any CPU.ActiveCfg = Release|Any CPU
		{8915BA51-2A01-4A44-982A-4C5CDA5EEF12}.Release|Any CPU.Build.0 = Release|Any CPU
		{482B25BE-0400-4565-AE68-77BD26B5F492}.Debug|Any CPU.ActiveCfg = Debug|Any CPU
		{482B25BE-0400-4565-AE68-77BD26B5F492}.Debug|Any CPU.Build.0 = Debug|Any CPU
		{482B25BE-0400-4565-AE68-77BD26B5F492}.Release|Any CPU.ActiveCfg = Release|Any CPU
		{482B25BE-0400-4565-AE68-77BD26B5F492}.Release|Any CPU.Build.0 = Release|Any CPU
		{C7D0A71A-F392-4952-81FF-9BDD53E64797}.Debug|Any CPU.ActiveCfg = Debug|Any CPU
		{C7D0A71A-F392-4952-81FF-9BDD53E64797}.Debug|Any CPU.Build.0 = Debug|Any CPU
		{C7D0A71A-F392-4952-81FF-9BDD53E64797}.Release|Any CPU.ActiveCfg = Release|Any CPU
		{C7D0A71A-F392-4952-81FF-9BDD53E64797}.Release|Any CPU.Build.0 = Release|Any CPU
	EndGlobalSection
	GlobalSection(SolutionProperties) = preSolution
		HideSolutionNode = FALSE
	EndGlobalSection
	GlobalSection(ExtensibilityGlobals) = postSolution
		SolutionGuid = {B8A6117E-44F7-4621-82D3-72C4B962193A}
	EndGlobalSection
EndGlobal
